// !$*UTF8*$!
{
	archiveVersion = 1;
	classes = {
	};
	objectVersion = 46;
	objects = {

/* Begin PBXBuildFile section */
		D1414E181E161B3B00C2684D /* AppDelegate.swift in Sources */ = {isa = PBXBuildFile; fileRef = D1414E171E161B3B00C2684D /* AppDelegate.swift */; };
		D1414E1A1E161B3B00C2684D /* ViewController.swift in Sources */ = {isa = PBXBuildFile; fileRef = D1414E191E161B3B00C2684D /* ViewController.swift */; };
		D1414E1D1E161B3C00C2684D /* Main.storyboard in Resources */ = {isa = PBXBuildFile; fileRef = D1414E1B1E161B3C00C2684D /* Main.storyboard */; };
		D1414E1F1E161B3C00C2684D /* Assets.xcassets in Resources */ = {isa = PBXBuildFile; fileRef = D1414E1E1E161B3C00C2684D /* Assets.xcassets */; };
		D1414E221E161B3C00C2684D /* LaunchScreen.storyboard in Resources */ = {isa = PBXBuildFile; fileRef = D1414E201E161B3C00C2684D /* LaunchScreen.storyboard */; };
		D1414E2C1E16254700C2684D /* Evnet.swift in Sources */ = {isa = PBXBuildFile; fileRef = D1414E2B1E16254700C2684D /* Evnet.swift */; };
		D1414E2E1E1649D500C2684D /* EvnetTableViewCell.swift in Sources */ = {isa = PBXBuildFile; fileRef = D1414E2D1E1649D500C2684D /* EvnetTableViewCell.swift */; };
		D190AFF71E166B55006B766F /* EventDetailViewController.swift in Sources */ = {isa = PBXBuildFile; fileRef = D190AFF61E166B55006B766F /* EventDetailViewController.swift */; };
/* End PBXBuildFile section */

/* Begin PBXFileReference section */
		D1414E141E161B3B00C2684D /* MeetUpDEmo.app */ = {isa = PBXFileReference; explicitFileType = wrapper.application; includeInIndex = 0; path = MeetUpDEmo.app; sourceTree = BUILT_PRODUCTS_DIR; };
		D1414E171E161B3B00C2684D /* AppDelegate.swift */ = {isa = PBXFileReference; lastKnownFileType = sourcecode.swift; path = AppDelegate.swift; sourceTree = "<group>"; };
		D1414E191E161B3B00C2684D /* ViewController.swift */ = {isa = PBXFileReference; lastKnownFileType = sourcecode.swift; path = ViewController.swift; sourceTree = "<group>"; };
		D1414E1C1E161B3C00C2684D /* Base */ = {isa = PBXFileReference; lastKnownFileType = file.storyboard; name = Base; path = Base.lproj/Main.storyboard; sourceTree = "<group>"; };
		D1414E1E1E161B3C00C2684D /* Assets.xcassets */ = {isa = PBXFileReference; lastKnownFileType = folder.assetcatalog; path = Assets.xcassets; sourceTree = "<group>"; };
		D1414E211E161B3C00C2684D /* Base */ = {isa = PBXFileReference; lastKnownFileType = file.storyboard; name = Base; path = Base.lproj/LaunchScreen.storyboard; sourceTree = "<group>"; };
		D1414E231E161B3C00C2684D /* Info.plist */ = {isa = PBXFileReference; lastKnownFileType = text.plist.xml; path = Info.plist; sourceTree = "<group>"; };
		D1414E2B1E16254700C2684D /* Evnet.swift */ = {isa = PBXFileReference; fileEncoding = 4; lastKnownFileType = sourcecode.swift; name = Evnet.swift; path = ../Evnet.swift; sourceTree = "<group>"; };
		D1414E2D1E1649D500C2684D /* EvnetTableViewCell.swift */ = {isa = PBXFileReference; fileEncoding = 4; lastKnownFileType = sourcecode.swift; path = EvnetTableViewCell.swift; sourceTree = "<group>"; };
		D190AFF61E166B55006B766F /* EventDetailViewController.swift */ = {isa = PBXFileReference; fileEncoding = 4; lastKnownFileType = sourcecode.swift; path = EventDetailViewController.swift; sourceTree = "<group>"; };
/* End PBXFileReference section */

/* Begin PBXFrameworksBuildPhase section */
		D1414E111E161B3B00C2684D /* Frameworks */ = {
			isa = PBXFrameworksBuildPhase;
			buildActionMask = 2147483647;
			files = (
			);
			runOnlyForDeploymentPostprocessing = 0;
		};
/* End PBXFrameworksBuildPhase section */

/* Begin PBXGroup section */
		D1414E0B1E161B3B00C2684D = {
			isa = PBXGroup;
			children = (
				D1414E161E161B3B00C2684D /* MeetUpDEmo */,
				D1414E151E161B3B00C2684D /* Products */,
			);
			sourceTree = "<group>";
		};
		D1414E151E161B3B00C2684D /* Products */ = {
			isa = PBXGroup;
			children = (
				D1414E141E161B3B00C2684D /* MeetUpDEmo.app */,
			);
			name = Products;
			sourceTree = "<group>";
		};
		D1414E161E161B3B00C2684D /* MeetUpDEmo */ = {
			isa = PBXGroup;
			children = (
				D1414E2B1E16254700C2684D /* Evnet.swift */,
				D1414E171E161B3B00C2684D /* AppDelegate.swift */,
				D1414E191E161B3B00C2684D /* ViewController.swift */,
				D1414E2D1E1649D500C2684D /* EvnetTableViewCell.swift */,
				D190AFF61E166B55006B766F /* EventDetailViewController.swift */,
				D1414E1B1E161B3C00C2684D /* Main.storyboard */,
				D1414E1E1E161B3C00C2684D /* Assets.xcassets */,
				D1414E201E161B3C00C2684D /* LaunchScreen.storyboard */,
				D1414E231E161B3C00C2684D /* Info.plist */,
			);
			path = MeetUpDEmo;
			sourceTree = "<group>";
		};
/* End PBXGroup section */

/* Begin PBXNativeTarget section */
		D1414E131E161B3B00C2684D /* MeetUpDEmo */ = {
			isa = PBXNativeTarget;
			buildConfigurationList = D1414E261E161B3C00C2684D /* Build configuration list for PBXNativeTarget "MeetUpDEmo" */;
			buildPhases = (
				D1414E101E161B3B00C2684D /* Sources */,
				D1414E111E161B3B00C2684D /* Frameworks */,
				D1414E121E161B3B00C2684D /* Resources */,
			);
			buildRules = (
			);
			dependencies = (
			);
			name = MeetUpDEmo;
			productName = MeetUpDEmo;
			productReference = D1414E141E161B3B00C2684D /* MeetUpDEmo.app */;
			productType = "com.apple.product-type.application";
		};
/* End PBXNativeTarget section */

/* Begin PBXProject section */
		D1414E0C1E161B3B00C2684D /* Project object */ = {
			isa = PBXProject;
			attributes = {
				LastSwiftUpdateCheck = 0800;
				LastUpgradeCheck = 0800;
				ORGANIZATIONNAME = "Kvana DevInc";
				TargetAttributes = {
					D1414E131E161B3B00C2684D = {
						CreatedOnToolsVersion = 8.0;
						DevelopmentTeam = AX766J88NA;
						ProvisioningStyle = Automatic;
					};
				};
			};
			buildConfigurationList = D1414E0F1E161B3B00C2684D /* Build configuration list for PBXProject "MeetUpDEmo" */;
			compatibilityVersion = "Xcode 3.2";
			developmentRegion = English;
			hasScannedForEncodings = 0;
			knownRegions = (
				en,
				Base,
			);
			mainGroup = D1414E0B1E161B3B00C2684D;
			productRefGroup = D1414E151E161B3B00C2684D /* Products */;
			projectDirPath = "";
			projectRoot = "";
			targets = (
				D1414E131E161B3B00C2684D /* MeetUpDEmo */,
			);
		};
/* End PBXProject section */

/* Begin PBXResourcesBuildPhase section */
		D1414E121E161B3B00C2684D /* Resources */ = {
			isa = PBXResourcesBuildPhase;
			buildActionMask = 2147483647;
			files = (
				D1414E221E161B3C00C2684D /* LaunchScreen.storyboard in Resources */,
				D1414E1F1E161B3C00C2684D /* Assets.xcassets in Resources */,
				D1414E1D1E161B3C00C2684D /* Main.storyboard in Resources */,
			);
			runOnlyForDeploymentPostprocessing = 0;
		};
/* End PBXResourcesBuildPhase section */

/* Begin PBXSourcesBuildPhase section */
		D1414E101E161B3B00C2684D /* Sources */ = {
			isa = PBXSourcesBuildPhase;
			buildActionMask = 2147483647;
			files = (
				D1414E2E1E1649D500C2684D /* EvnetTableViewCell.swift in Sources */,
				D190AFF71E166B55006B766F /* EventDetailViewController.swift in Sources */,
				D1414E1A1E161B3B00C2684D /* ViewController.swift in Sources */,
				D1414E181E161B3B00C2684D /* AppDelegate.swift in Sources */,
				D1414E2C1E16254700C2684D /* Evnet.swift in Sources */,
			);
			runOnlyForDeploymentPostprocessing = 0;
		};
/* End PBXSourcesBuildPhase section */

/* Begin PBXVariantGroup section */
		D1414E1B1E161B3C00C2684D /* Main.storyboard */ = {
			isa = PBXVariantGroup;
			children = (
				D1414E1C1E161B3C00C2684D /* Base */,
			);
			name = Main.storyboard;
			sourceTree = "<group>";
		};
		D1414E201E161B3C00C2684D /* LaunchScreen.storyboard */ = {
			isa = PBXVariantGroup;
			children = (
				D1414E211E161B3C00C2684D /* Base */,
			);
			name = LaunchScreen.storyboard;
			sourceTree = "<group>";
		};
/* End PBXVariantGroup section */

/* Begin XCBuildConfiguration section */
		D1414E241E161B3C00C2684D /* Debug */ = {
			isa = XCBuildConfiguration;
			buildSettings = {
				ALWAYS_SEARCH_USER_PATHS = NO;
				CLANG_ANALYZER_NONNULL = YES;
				CLANG_CXX_LANGUAGE_STANDARD = "gnu++0x";
				CLANG_CXX_LIBRARY = "libc++";
				CLANG_ENABLE_MODULES = YES;
				CLANG_ENABLE_OBJC_ARC = YES;
				CLANG_WARN_BOOL_CONVERSION = YES;
				CLANG_WARN_CONSTANT_CONVERSION = YES;
				CLANG_WARN_DIRECT_OBJC_ISA_USAGE = YES_ERROR;
				CLANG_WARN_DOCUMENTATION_COMMENTS = YES;
				CLANG_WARN_EMPTY_BODY = YES;
				CLANG_WARN_ENUM_CONVERSION = YES;
				CLANG_WARN_INFINITE_RECURSION = YES;
				CLANG_WARN_INT_CONVERSION = YES;
				CLANG_WARN_OBJC_ROOT_CLASS = YES_ERROR;
				CLANG_WARN_SUSPICIOUS_MOVES = YES;
				CLANG_WARN_UNREACHABLE_CODE = YES;
				CLANG_WARN__DUPLICATE_METHOD_MATCH = YES;
				"CODE_SIGN_IDENTITY[sdk=iphoneos*]" = "iPhone Developer";
				COPY_PHASE_STRIP = NO;
				DEBUG_INFORMATION_FORMAT = dwarf;
				ENABLE_STRICT_OBJC_MSGSEND = YES;
				ENABLE_TESTABILITY = YES;
				GCC_C_LANGUAGE_STANDARD = gnu99;
				GCC_DYNAMIC_NO_PIC = NO;
				GCC_NO_COMMON_BLOCKS = YES;
				GCC_OPTIMIZATION_LEVEL = 0;
				GCC_PREPROCESSOR_DEFINITIONS = (
					"DEBUG=1",
					"$(inherited)",
				);
				GCC_WARN_64_TO_32_BIT_CONVERSION = YES;
				GCC_WARN_ABOUT_RETURN_TYPE = YES_ERROR;
				GCC_WARN_UNDECLARED_SELECTOR = YES;
				GCC_WARN_UNINITIALIZED_AUTOS = YES_AGGRESSIVE;
				GCC_WARN_UNUSED_FUNCTION = YES;
				GCC_WARN_UNUSED_VARIABLE = YES;
				IPHONEOS_DEPLOYMENT_TARGET = 10.0;
				MTL_ENABLE_DEBUG_INFO = YES;
				ONLY_ACTIVE_ARCH = YES;
				SDKROOT = iphoneos;
				SWIFT_ACTIVE_COMPILATION_CONDITIONS = DEBUG;
				SWIFT_OPTIMIZATION_LEVEL = "-Onone";
				TARGETED_DEVICE_FAMILY = "1,2";
			};
			name = Debug;
		};
		D1414E251E161B3C00C2684D /* Release */ = {
			isa = XCBuildConfiguration;
			buildSettings = {
				ALWAYS_SEARCH_USER_PATHS = NO;
				CLANG_ANALYZER_NONNULL = YES;
				CLANG_CXX_LANGUAGE_STANDARD = "gnu++0x";
				CLANG_CXX_LIBRARY = "libc++";
				CLANG_ENABLE_MODULES = YES;
				CLANG_ENABLE_OBJC_ARC = YES;
				CLANG_WARN_BOOL_CONVERSION = YES;
				CLANG_WARN_CONSTANT_CONVERSION = YES;
				CLANG_WARN_DIRECT_OBJC_ISA_USAGE = YES_ERROR;
				CLANG_WARN_DOCUMENTATION_COMMENTS = YES;
				CLANG_WARN_EMPTY_BODY = YES;
				CLANG_WARN_ENUM_CONVERSION = YES;
				CLANG_WARN_INFINITE_RECURSION = YES;
				CLANG_WARN_INT_CONVERSION = YES;
				CLANG_WARN_OBJC_ROOT_CLASS = YES_ERROR;
				CLANG_WARN_SUSPICIOUS_MOVES = YES;
				CLANG_WARN_UNREACHABLE_CODE = YES;
				CLANG_WARN__DUPLICATE_METHOD_MATCH = YES;
				"CODE_SIGN_IDENTITY[sdk=iphoneos*]" = "iPhone Developer";
				COPY_PHASE_STRIP = NO;
				DEBUG_INFORMATION_FORMAT = "dwarf-with-dsym";
				ENABLE_NS_ASSERTIONS = NO;
				ENABLE_STRICT_OBJC_MSGSEND = YES;
				GCC_C_LANGUAGE_STANDARD = gnu99;
				GCC_NO_COMMON_BLOCKS = YES;
				GCC_WARN_64_TO_32_BIT_CONVERSION = YES;
				GCC_WARN_ABOUT_RETURN_TYPE = YES_ERROR;
				GCC_WARN_UNDECLARED_SELECTOR = YES;
				GCC_WARN_UNINITIALIZED_AUTOS = YES_AGGRESSIVE;
				GCC_WARN_UNUSED_FUNCTION = YES;
				GCC_WARN_UNUSED_VARIABLE = YES;
				IPHONEOS_DEPLOYMENT_TARGET = 10.0;
				MTL_ENABLE_DEBUG_INFO = NO;
				SDKROOT = iphoneos;
				SWIFT_OPTIMIZATION_LEVEL = "-Owholemodule";
				TARGETED_DEVICE_FAMILY = "1,2";
				VALIDATE_PRODUCT = YES;
			};
			name = Release;
		};
		D1414E271E161B3C00C2684D /* Debug */ = {
			isa = XCBuildConfiguration;
			buildSettings = {
				ASSETCATALOG_COMPILER_APPICON_NAME = AppIcon;
				DEVELOPMENT_TEAM = AX766J88NA;
				INFOPLIST_FILE = MeetUpDEmo/Info.plist;
				LD_RUNPATH_SEARCH_PATHS = "$(inherited) @executable_path/Frameworks";
				PRODUCT_BUNDLE_IDENTIFIER = com.kvana.MeetUpDEmo;
				PRODUCT_NAME = "$(TARGET_NAME)";
				SWIFT_VERSION = 3.0;
			};
			name = Debug;
		};
		D1414E281E161B3C00C2684D /* Release */ = {
			isa = XCBuildConfiguration;
			buildSettings = {
				ASSETCATALOG_COMPILER_APPICON_NAME = AppIcon;
				DEVELOPMENT_TEAM = AX766J88NA;
				INFOPLIST_FILE = MeetUpDEmo/Info.plist;
				LD_RUNPATH_SEARCH_PATHS = "$(inherited) @executable_path/Frameworks";
				PRODUCT_BUNDLE_IDENTIFIER = com.kvana.MeetUpDEmo;
				PRODUCT_NAME = "$(TARGET_NAME)";
				SWIFT_VERSION = 3.0;
			};
			name = Release;
		};
/* End XCBuildConfiguration section */

/* Begin XCConfigurationList section */
		D1414E0F1E161B3B00C2684D /* Build configuration list for PBXProject "MeetUpDEmo" */ = {
			isa = XCConfigurationList;
			buildConfigurations = (
				D1414E241E161B3C00C2684D /* Debug */,
				D1414E251E161B3C00C2684D /* Release */,
			);
			defaultConfigurationIsVisible = 0;
			defaultConfigurationName = Release;
		};
		D1414E261E161B3C00C2684D /* Build configuration list for PBXNativeTarget "MeetUpDEmo" */ = {
			isa = XCConfigurationList;
			buildConfigurations = (
				D1414E271E161B3C00C2684D /* Debug */,
				D1414E281E161B3C00C2684D /* Release */,
			);
			defaultConfigurationIsVisible = 0;
			defaultConfigurationName = Release;
		};
/* End XCConfigurationList section */
	};
	rootObject = D1414E0C1E161B3B00C2684D /* Project object */;
}
